
Microsoft Visual Studio Solution File, Format Version 12.00
# Visual Studio 15
VisualStudioVersion = 15.0.28010.2036
MinimumVisualStudioVersion = 10.0.40219.1
Project("{FAE04EC0-301F-11D3-BF4B-00C04F79EFBC}") = "AbstractDroneClass", "AbstractDroneClass\AbstractDroneClass.csproj", "{2C8A0ABC-26C4-4D99-B31E-871F5C3E132B}"
EndProject
Global
	GlobalSection(SolutionConfigurationPlatforms) = preSolution
		Debug|Any CPU = Debug|Any CPU
		Release|Any CPU = Release|Any CPU
	EndGlobalSection
	GlobalSection(ProjectConfigurationPlatforms) = postSolution
		{2C8A0ABC-26C4-4D99-B31E-871F5C3E132B}.Debug|Any CPU.ActiveCfg = Debug|Any CPU
		{2C8A0ABC-26C4-4D99-B31E-871F5C3E132B}.Debug|Any CPU.Build.0 = Debug|Any CPU
		{2C8A0ABC-26C4-4D99-B31E-871F5C3E132B}.Release|Any CPU.ActiveCfg = Release|Any CPU
		{2C8A0ABC-26C4-4D99-B31E-871F5C3E132B}.Release|Any CPU.Build.0 = Release|Any CPU
	EndGlobalSection
	GlobalSection(SolutionProperties) = preSolution
		HideSolutionNode = FALSE
	EndGlobalSection
	GlobalSection(ExtensibilityGlobals) = postSolution
		SolutionGuid = {F0C8FAED-147F-41CF-9E41-EF707EE7751D}
	EndGlobalSection
EndGlobal
